# This file is automatically @generated by Cargo.
# It is not intended for manual editing.
version = 3

[[package]]
name = "adventofcode"
version = "0.1.0"
dependencies = [
 "bresenham",
]

[[package]]
name = "bresenham"
version = "0.1.1"
source = "registry+https://github.com/rust-lang/crates.io-index"
checksum = "bfc1116225f66d2ea341a26503f83a6b1205070a6f7199ce1f1550ead91f6fd7"
